{
  "requires": true,
  "lockfileVersion": 1,
  "dependencies": {
    "@handsontable/formulajs": {
      "version": "1.2.3",
      "resolved": "https://registry.npm.taobao.org/@handsontable/formulajs/download/@handsontable/formulajs-1.2.3.tgz",
      "integrity": "sha1-qYuYvD0jgycwZG47vWGUQT+Pqt4=",
      "requires": {
        "bessel": "^0.2.0",
        "jStat": "^1.7.0",
        "numbro": "^1.11.0"
      },
      "dependencies": {
        "numbro": {
          "version": "1.11.1",
          "resolved": "https://registry.npm.taobao.org/numbro/download/numbro-1.11.1.tgz",
          "integrity": "sha1-4Nm6Dd/DrVrAHZVYpJOD2yFPBL4="
        }
      }
    },
    "bessel": {
      "version": "0.2.0",
      "resolved": "https://registry.npm.taobao.org/bessel/download/bessel-0.2.0.tgz",
      "integrity": "sha1-E8s5zSkjMhnsLacl4LoMZvtGtvI=",
      "requires": {
        "voc": "^1.2.0"
      }
    },
    "bignumber.js": {
      "version": "8.1.1",
      "resolved": "https://registry.npm.taobao.org/bignumber.js/download/bignumber.js-8.1.1.tgz",
      "integrity": "sha1-Swcq5a6pwg9nMOTl1SnfEnHE2IU="
    },
    "handsontable": {
      "version": "6.2.2",
      "resolved": "https://registry.npm.taobao.org/handsontable/download/handsontable-6.2.2.tgz",
      "integrity": "sha1-8SUPPzdKvffUoAgJUEgtPt7qjwc=",
      "requires": {
        "moment": "2.20.1",
        "numbro": "^2.0.6",
        "pikaday": "1.5.1"
      }
    },
    "handsontable-pro": {
      "version": "6.2.3",
      "resolved": "https://registry.npm.taobao.org/handsontable-pro/download/handsontable-pro-6.2.3.tgz",
      "integrity": "sha1-CA1zdbpoFeAvxrsntjolgZMcEBA=",
      "requires": {
        "handsontable": "6.2.2",
        "hot-formula-parser": "^2.3.1",
        "moment": "2.20.1",
        "numbro": "^2.0.6",
        "pikaday": "1.5.1"
      }
    },
    "hot-formula-parser": {
      "version": "2.3.3",
      "resolved": "https://registry.npm.taobao.org/hot-formula-parser/download/hot-formula-parser-2.3.3.tgz",
      "integrity": "sha1-p/P40tjqjWjECcLfTjYvKeN7YE0=",
      "requires": {
        "@handsontable/formulajs": "^1.2.3",
        "tiny-emitter": "^2.0.1"
      }
    },
    "jStat": {
      "version": "1.8.6",
      "resolved": "https://registry.npm.taobao.org/jStat/download/jStat-1.8.6.tgz",
      "integrity": "sha1-q01GWyH1g9N6cqsvl6MASS2nV10="
    },
    "moment": {
      "version": "2.20.1",
      "resolved": "https://registry.npm.taobao.org/moment/download/moment-2.20.1.tgz",
      "integrity": "sha1-1usaRsvMFKKy+UNBEsH/iQfzE/0="
    },
    "numbro": {
      "version": "2.2.0",
      "resolved": "https://registry.npm.taobao.org/numbro/download/numbro-2.2.0.tgz",
      "integrity": "sha1-bkDiHg7/VVU9RaDQ/U979s0qseo=",
      "requires": {
        "bignumber.js": "^8.1.1"
      }
    },
    "pikaday": {
      "version": "1.5.1",
      "resolved": "https://registry.npm.taobao.org/pikaday/download/pikaday-1.5.1.tgz",
      "integrity": "sha1-CkhUm8GhTqHQjEQHTXYbwvK/z9M=",
      "requires": {
        "moment": "2.x"
      }
    },
    "tiny-emitter": {
      "version": "2.1.0",
      "resolved": "https://registry.npm.taobao.org/tiny-emitter/download/tiny-emitter-2.1.0.tgz",
      "integrity": "sha1-HRpW7fxRxD6GPLtTgqcjMONVVCM="
    },
    "voc": {
      "version": "1.2.0",
      "resolved": "https://registry.npm.taobao.org/voc/download/voc-1.2.0.tgz",
      "integrity": "sha1-xFkCRTHXEGfAniwMK9psKxOvMtg="
    }
  }
}
